
Microsoft Visual Studio Solution File, Format Version 12.00
# Visual Studio Version 16
VisualStudioVersion = 16.0.29411.108
MinimumVisualStudioVersion = 10.0.40219.1
Project("{9A19103F-16F7-4668-BE54-9A1E7A4F7556}") = "StateMachine", "sample\StateMachine.csproj", "{F22FDF2A-6F3D-4ACB-916A-C23543D98D59}"
EndProject
Project("{2150E333-8FDC-42A3-9474-1A3956D46DE8}") = "sample", "sample", "{F735D666-892B-4FE5-9240-9FE7816602E2}"
EndProject
Global
	GlobalSection(SolutionConfigurationPlatforms) = preSolution
		Debug|Any CPU = Debug|Any CPU
		Release|Any CPU = Release|Any CPU
	EndGlobalSection
	GlobalSection(ProjectConfigurationPlatforms) = postSolution
		{F22FDF2A-6F3D-4ACB-916A-C23543D98D59}.Debug|Any CPU.ActiveCfg = Debug|Any CPU
		{F22FDF2A-6F3D-4ACB-916A-C23543D98D59}.Debug|Any CPU.Build.0 = Debug|Any CPU
		{F22FDF2A-6F3D-4ACB-916A-C23543D98D59}.Release|Any CPU.ActiveCfg = Release|Any CPU
		{F22FDF2A-6F3D-4ACB-916A-C23543D98D59}.Release|Any CPU.Build.0 = Release|Any CPU
	EndGlobalSection
	GlobalSection(SolutionProperties) = preSolution
		HideSolutionNode = FALSE
	EndGlobalSection
	GlobalSection(ExtensibilityGlobals) = postSolution
		SolutionGuid = {0C321E06-E277-4A52-BCA7-43DB4009D57F}
	EndGlobalSection
EndGlobal
